// !$*UTF8*$!
{
	archiveVersion = 1;
	classes = {
	};
	objectVersion = 50;
	objects = {

/* Begin PBXBuildFile section */
		BE50666425D93740006A81E8 /* AppDelegate.swift in Sources */ = {isa = PBXBuildFile; fileRef = BE50666325D93740006A81E8 /* AppDelegate.swift */; };
		BE50666625D93740006A81E8 /* SceneDelegate.swift in Sources */ = {isa = PBXBuildFile; fileRef = BE50666525D93740006A81E8 /* SceneDelegate.swift */; };
		BE50666825D93740006A81E8 /* CalculatorViewController.swift in Sources */ = {isa = PBXBuildFile; fileRef = BE50666725D93740006A81E8 /* CalculatorViewController.swift */; };
		BE50666D25D93742006A81E8 /* Assets.xcassets in Resources */ = {isa = PBXBuildFile; fileRef = BE50666C25D93742006A81E8 /* Assets.xcassets */; };
		BE50667025D93742006A81E8 /* LaunchScreen.storyboard in Resources */ = {isa = PBXBuildFile; fileRef = BE50666E25D93742006A81E8 /* LaunchScreen.storyboard */; };
		BE50668025D93A29006A81E8 /* CalculatorViewModel.swift in Sources */ = {isa = PBXBuildFile; fileRef = BE50667F25D93A29006A81E8 /* CalculatorViewModel.swift */; };
		BE50668425D951D4006A81E8 /* CalculatorButtons.swift in Sources */ = {isa = PBXBuildFile; fileRef = BE50668325D951D4006A81E8 /* CalculatorButtons.swift */; };
		BEE3CC8225DC2BEB007E2C83 /* CalculatorButtonCollectionViewCell.swift in Sources */ = {isa = PBXBuildFile; fileRef = BEE3CC8125DC2BEB007E2C83 /* CalculatorButtonCollectionViewCell.swift */; };
		BEE3CC8625DC2BFF007E2C83 /* CalculatorResultTextCollectionViewCell.swift in Sources */ = {isa = PBXBuildFile; fileRef = BEE3CC8525DC2BFF007E2C83 /* CalculatorResultTextCollectionViewCell.swift */; };
/* End PBXBuildFile section */

/* Begin PBXFileReference section */
		BE50666025D93740006A81E8 /* MyCalc.app */ = {isa = PBXFileReference; explicitFileType = wrapper.application; includeInIndex = 0; path = MyCalc.app; sourceTree = BUILT_PRODUCTS_DIR; };
		BE50666325D93740006A81E8 /* AppDelegate.swift */ = {isa = PBXFileReference; lastKnownFileType = sourcecode.swift; path = AppDelegate.swift; sourceTree = "<group>"; };
		BE50666525D93740006A81E8 /* SceneDelegate.swift */ = {isa = PBXFileReference; lastKnownFileType = sourcecode.swift; path = SceneDelegate.swift; sourceTree = "<group>"; };
		BE50666725D93740006A81E8 /* CalculatorViewController.swift */ = {isa = PBXFileReference; lastKnownFileType = sourcecode.swift; path = CalculatorViewController.swift; sourceTree = "<group>"; };
		BE50666C25D93742006A81E8 /* Assets.xcassets */ = {isa = PBXFileReference; lastKnownFileType = folder.assetcatalog; path = Assets.xcassets; sourceTree = "<group>"; };
		BE50666F25D93742006A81E8 /* Base */ = {isa = PBXFileReference; lastKnownFileType = file.storyboard; name = Base; path = Base.lproj/LaunchScreen.storyboard; sourceTree = "<group>"; };
		BE50667125D93742006A81E8 /* Info.plist */ = {isa = PBXFileReference; lastKnownFileType = text.plist.xml; path = Info.plist; sourceTree = "<group>"; };
		BE50667F25D93A29006A81E8 /* CalculatorViewModel.swift */ = {isa = PBXFileReference; lastKnownFileType = sourcecode.swift; path = CalculatorViewModel.swift; sourceTree = "<group>"; };
		BE50668325D951D4006A81E8 /* CalculatorButtons.swift */ = {isa = PBXFileReference; lastKnownFileType = sourcecode.swift; path = CalculatorButtons.swift; sourceTree = "<group>"; };
		BEE3CC8125DC2BEB007E2C83 /* CalculatorButtonCollectionViewCell.swift */ = {isa = PBXFileReference; lastKnownFileType = sourcecode.swift; path = CalculatorButtonCollectionViewCell.swift; sourceTree = "<group>"; };
		BEE3CC8525DC2BFF007E2C83 /* CalculatorResultTextCollectionViewCell.swift */ = {isa = PBXFileReference; lastKnownFileType = sourcecode.swift; path = CalculatorResultTextCollectionViewCell.swift; sourceTree = "<group>"; };
/* End PBXFileReference section */

/* Begin PBXFrameworksBuildPhase section */
		BE50665D25D93740006A81E8 /* Frameworks */ = {
			isa = PBXFrameworksBuildPhase;
			buildActionMask = 2147483647;
			files = (
			);
			runOnlyForDeploymentPostprocessing = 0;
		};
/* End PBXFrameworksBuildPhase section */

/* Begin PBXGroup section */
		BE50665725D93740006A81E8 = {
			isa = PBXGroup;
			children = (
				BE50666225D93740006A81E8 /* MyCalc */,
				BE50666125D93740006A81E8 /* Products */,
			);
			sourceTree = "<group>";
		};
		BE50666125D93740006A81E8 /* Products */ = {
			isa = PBXGroup;
			children = (
				BE50666025D93740006A81E8 /* MyCalc.app */,
			);
			name = Products;
			sourceTree = "<group>";
		};
		BE50666225D93740006A81E8 /* MyCalc */ = {
			isa = PBXGroup;
			children = (
				BE50666325D93740006A81E8 /* AppDelegate.swift */,
				BE50666525D93740006A81E8 /* SceneDelegate.swift */,
				BE50668225D95176006A81E8 /* Model */,
				BEE3CC8025DC2BCD007E2C83 /* View */,
				BE50667B25D93972006A81E8 /* Controller */,
				BE50667A25D93968006A81E8 /* ViewModel */,
				BE50667C25D9397C006A81E8 /* Resources */,
			);
			path = MyCalc;
			sourceTree = "<group>";
		};
		BE50667A25D93968006A81E8 /* ViewModel */ = {
			isa = PBXGroup;
			children = (
				BE50667F25D93A29006A81E8 /* CalculatorViewModel.swift */,
			);
			path = ViewModel;
			sourceTree = "<group>";
		};
		BE50667B25D93972006A81E8 /* Controller */ = {
			isa = PBXGroup;
			children = (
				BE50666725D93740006A81E8 /* CalculatorViewController.swift */,
			);
			path = Controller;
			sourceTree = "<group>";
		};
		BE50667C25D9397C006A81E8 /* Resources */ = {
			isa = PBXGroup;
			children = (
				BE50666C25D93742006A81E8 /* Assets.xcassets */,
				BE50666E25D93742006A81E8 /* LaunchScreen.storyboard */,
				BE50667125D93742006A81E8 /* Info.plist */,
			);
			path = Resources;
			sourceTree = "<group>";
		};
		BE50668225D95176006A81E8 /* Model */ = {
			isa = PBXGroup;
			children = (
				BE50668325D951D4006A81E8 /* CalculatorButtons.swift */,
			);
			path = Model;
			sourceTree = "<group>";
		};
		BEE3CC8025DC2BCD007E2C83 /* View */ = {
			isa = PBXGroup;
			children = (
				BEE3CC8125DC2BEB007E2C83 /* CalculatorButtonCollectionViewCell.swift */,
				BEE3CC8525DC2BFF007E2C83 /* CalculatorResultTextCollectionViewCell.swift */,
			);
			path = View;
			sourceTree = "<group>";
		};
/* End PBXGroup section */

/* Begin PBXNativeTarget section */
		BE50665F25D93740006A81E8 /* MyCalc */ = {
			isa = PBXNativeTarget;
			buildConfigurationList = BE50667425D93742006A81E8 /* Build configuration list for PBXNativeTarget "MyCalc" */;
			buildPhases = (
				BE50665C25D93740006A81E8 /* Sources */,
				BE50665D25D93740006A81E8 /* Frameworks */,
				BE50665E25D93740006A81E8 /* Resources */,
			);
			buildRules = (
			);
			dependencies = (
			);
			name = MyCalc;
			productName = MyCalc;
			productReference = BE50666025D93740006A81E8 /* MyCalc.app */;
			productType = "com.apple.product-type.application";
		};
/* End PBXNativeTarget section */

/* Begin PBXProject section */
		BE50665825D93740006A81E8 /* Project object */ = {
			isa = PBXProject;
			attributes = {
				LastSwiftUpdateCheck = 1240;
				LastUpgradeCheck = 1240;
				TargetAttributes = {
					BE50665F25D93740006A81E8 = {
						CreatedOnToolsVersion = 12.4;
					};
				};
			};
			buildConfigurationList = BE50665B25D93740006A81E8 /* Build configuration list for PBXProject "MyCalc" */;
			compatibilityVersion = "Xcode 9.3";
			developmentRegion = en;
			hasScannedForEncodings = 0;
			knownRegions = (
				en,
				Base,
			);
			mainGroup = BE50665725D93740006A81E8;
			productRefGroup = BE50666125D93740006A81E8 /* Products */;
			projectDirPath = "";
			projectRoot = "";
			targets = (
				BE50665F25D93740006A81E8 /* MyCalc */,
			);
		};
/* End PBXProject section */

/* Begin PBXResourcesBuildPhase section */
		BE50665E25D93740006A81E8 /* Resources */ = {
			isa = PBXResourcesBuildPhase;
			buildActionMask = 2147483647;
			files = (
				BE50667025D93742006A81E8 /* LaunchScreen.storyboard in Resources */,
				BE50666D25D93742006A81E8 /* Assets.xcassets in Resources */,
			);
			runOnlyForDeploymentPostprocessing = 0;
		};
/* End PBXResourcesBuildPhase section */

/* Begin PBXSourcesBuildPhase section */
		BE50665C25D93740006A81E8 /* Sources */ = {
			isa = PBXSourcesBuildPhase;
			buildActionMask = 2147483647;
			files = (
				BEE3CC8625DC2BFF007E2C83 /* CalculatorResultTextCollectionViewCell.swift in Sources */,
				BEE3CC8225DC2BEB007E2C83 /* CalculatorButtonCollectionViewCell.swift in Sources */,
				BE50668425D951D4006A81E8 /* CalculatorButtons.swift in Sources */,
				BE50666825D93740006A81E8 /* CalculatorViewController.swift in Sources */,
				BE50666425D93740006A81E8 /* AppDelegate.swift in Sources */,
				BE50668025D93A29006A81E8 /* CalculatorViewModel.swift in Sources */,
				BE50666625D93740006A81E8 /* SceneDelegate.swift in Sources */,
			);
			runOnlyForDeploymentPostprocessing = 0;
		};
/* End PBXSourcesBuildPhase section */

/* Begin PBXVariantGroup section */
		BE50666E25D93742006A81E8 /* LaunchScreen.storyboard */ = {
			isa = PBXVariantGroup;
			children = (
				BE50666F25D93742006A81E8 /* Base */,
			);
			name = LaunchScreen.storyboard;
			sourceTree = "<group>";
		};
/* End PBXVariantGroup section */

/* Begin XCBuildConfiguration section */
		BE50667225D93742006A81E8 /* Debug */ = {
			isa = XCBuildConfiguration;
			buildSettings = {
				ALWAYS_SEARCH_USER_PATHS = NO;
				CLANG_ANALYZER_NONNULL = YES;
				CLANG_ANALYZER_NUMBER_OBJECT_CONVERSION = YES_AGGRESSIVE;
				CLANG_CXX_LANGUAGE_STANDARD = "gnu++14";
				CLANG_CXX_LIBRARY = "libc++";
				CLANG_ENABLE_MODULES = YES;
				CLANG_ENABLE_OBJC_ARC = YES;
				CLANG_ENABLE_OBJC_WEAK = YES;
				CLANG_WARN_BLOCK_CAPTURE_AUTORELEASING = YES;
				CLANG_WARN_BOOL_CONVERSION = YES;
				CLANG_WARN_COMMA = YES;
				CLANG_WARN_CONSTANT_CONVERSION = YES;
				CLANG_WARN_DEPRECATED_OBJC_IMPLEMENTATIONS = YES;
				CLANG_WARN_DIRECT_OBJC_ISA_USAGE = YES_ERROR;
				CLANG_WARN_DOCUMENTATION_COMMENTS = YES;
				CLANG_WARN_EMPTY_BODY = YES;
				CLANG_WARN_ENUM_CONVERSION = YES;
				CLANG_WARN_INFINITE_RECURSION = YES;
				CLANG_WARN_INT_CONVERSION = YES;
				CLANG_WARN_NON_LITERAL_NULL_CONVERSION = YES;
				CLANG_WARN_OBJC_IMPLICIT_RETAIN_SELF = YES;
				CLANG_WARN_OBJC_LITERAL_CONVERSION = YES;
				CLANG_WARN_OBJC_ROOT_CLASS = YES_ERROR;
				CLANG_WARN_QUOTED_INCLUDE_IN_FRAMEWORK_HEADER = YES;
				CLANG_WARN_RANGE_LOOP_ANALYSIS = YES;
				CLANG_WARN_STRICT_PROTOTYPES = YES;
				CLANG_WARN_SUSPICIOUS_MOVE = YES;
				CLANG_WARN_UNGUARDED_AVAILABILITY = YES_AGGRESSIVE;
				CLANG_WARN_UNREACHABLE_CODE = YES;
				CLANG_WARN__DUPLICATE_METHOD_MATCH = YES;
				COPY_PHASE_STRIP = NO;
				DEBUG_INFORMATION_FORMAT = dwarf;
				ENABLE_STRICT_OBJC_MSGSEND = YES;
				ENABLE_TESTABILITY = YES;
				GCC_C_LANGUAGE_STANDARD = gnu11;
				GCC_DYNAMIC_NO_PIC = NO;
				GCC_NO_COMMON_BLOCKS = YES;
				GCC_OPTIMIZATION_LEVEL = 0;
				GCC_PREPROCESSOR_DEFINITIONS = (
					"DEBUG=1",
					"$(inherited)",
				);
				GCC_WARN_64_TO_32_BIT_CONVERSION = YES;
				GCC_WARN_ABOUT_RETURN_TYPE = YES_ERROR;
				GCC_WARN_UNDECLARED_SELECTOR = YES;
				GCC_WARN_UNINITIALIZED_AUTOS = YES_AGGRESSIVE;
				GCC_WARN_UNUSED_FUNCTION = YES;
				GCC_WARN_UNUSED_VARIABLE = YES;
				IPHONEOS_DEPLOYMENT_TARGET = 14.4;
				MTL_ENABLE_DEBUG_INFO = INCLUDE_SOURCE;
				MTL_FAST_MATH = YES;
				ONLY_ACTIVE_ARCH = YES;
				SDKROOT = iphoneos;
				SWIFT_ACTIVE_COMPILATION_CONDITIONS = DEBUG;
				SWIFT_OPTIMIZATION_LEVEL = "-Onone";
			};
			name = Debug;
		};
		BE50667325D93742006A81E8 /* Release */ = {
			isa = XCBuildConfiguration;
			buildSettings = {
				ALWAYS_SEARCH_USER_PATHS = NO;
				CLANG_ANALYZER_NONNULL = YES;
				CLANG_ANALYZER_NUMBER_OBJECT_CONVERSION = YES_AGGRESSIVE;
				CLANG_CXX_LANGUAGE_STANDARD = "gnu++14";
				CLANG_CXX_LIBRARY = "libc++";
				CLANG_ENABLE_MODULES = YES;
				CLANG_ENABLE_OBJC_ARC = YES;
				CLANG_ENABLE_OBJC_WEAK = YES;
				CLANG_WARN_BLOCK_CAPTURE_AUTORELEASING = YES;
				CLANG_WARN_BOOL_CONVERSION = YES;
				CLANG_WARN_COMMA = YES;
				CLANG_WARN_CONSTANT_CONVERSION = YES;
				CLANG_WARN_DEPRECATED_OBJC_IMPLEMENTATIONS = YES;
				CLANG_WARN_DIRECT_OBJC_ISA_USAGE = YES_ERROR;
				CLANG_WARN_DOCUMENTATION_COMMENTS = YES;
				CLANG_WARN_EMPTY_BODY = YES;
				CLANG_WARN_ENUM_CONVERSION = YES;
				CLANG_WARN_INFINITE_RECURSION = YES;
				CLANG_WARN_INT_CONVERSION = YES;
				CLANG_WARN_NON_LITERAL_NULL_CONVERSION = YES;
				CLANG_WARN_OBJC_IMPLICIT_RETAIN_SELF = YES;
				CLANG_WARN_OBJC_LITERAL_CONVERSION = YES;
				CLANG_WARN_OBJC_ROOT_CLASS = YES_ERROR;
				CLANG_WARN_QUOTED_INCLUDE_IN_FRAMEWORK_HEADER = YES;
				CLANG_WARN_RANGE_LOOP_ANALYSIS = YES;
				CLANG_WARN_STRICT_PROTOTYPES = YES;
				CLANG_WARN_SUSPICIOUS_MOVE = YES;
				CLANG_WARN_UNGUARDED_AVAILABILITY = YES_AGGRESSIVE;
				CLANG_WARN_UNREACHABLE_CODE = YES;
				CLANG_WARN__DUPLICATE_METHOD_MATCH = YES;
				COPY_PHASE_STRIP = NO;
				DEBUG_INFORMATION_FORMAT = "dwarf-with-dsym";
				ENABLE_NS_ASSERTIONS = NO;
				ENABLE_STRICT_OBJC_MSGSEND = YES;
				GCC_C_LANGUAGE_STANDARD = gnu11;
				GCC_NO_COMMON_BLOCKS = YES;
				GCC_WARN_64_TO_32_BIT_CONVERSION = YES;
				GCC_WARN_ABOUT_RETURN_TYPE = YES_ERROR;
				GCC_WARN_UNDECLARED_SELECTOR = YES;
				GCC_WARN_UNINITIALIZED_AUTOS = YES_AGGRESSIVE;
				GCC_WARN_UNUSED_FUNCTION = YES;
				GCC_WARN_UNUSED_VARIABLE = YES;
				IPHONEOS_DEPLOYMENT_TARGET = 14.4;
				MTL_ENABLE_DEBUG_INFO = NO;
				MTL_FAST_MATH = YES;
				SDKROOT = iphoneos;
				SWIFT_COMPILATION_MODE = wholemodule;
				SWIFT_OPTIMIZATION_LEVEL = "-O";
				VALIDATE_PRODUCT = YES;
			};
			name = Release;
		};
		BE50667525D93742006A81E8 /* Debug */ = {
			isa = XCBuildConfiguration;
			buildSettings = {
				ASSETCATALOG_COMPILER_APPICON_NAME = AppIcon;
				ASSETCATALOG_COMPILER_GLOBAL_ACCENT_COLOR_NAME = AccentColor;
				CODE_SIGN_STYLE = Automatic;
				INFOPLIST_FILE = MyCalc/Resources/Info.plist;
				LD_RUNPATH_SEARCH_PATHS = (
					"$(inherited)",
					"@executable_path/Frameworks",
				);
				PRODUCT_BUNDLE_IDENTIFIER = com.calc.MyCalc;
				PRODUCT_NAME = "$(TARGET_NAME)";
				SWIFT_VERSION = 5.0;
				TARGETED_DEVICE_FAMILY = "1,2";
			};
			name = Debug;
		};
		BE50667625D93742006A81E8 /* Release */ = {
			isa = XCBuildConfiguration;
			buildSettings = {
				ASSETCATALOG_COMPILER_APPICON_NAME = AppIcon;
				ASSETCATALOG_COMPILER_GLOBAL_ACCENT_COLOR_NAME = AccentColor;
				CODE_SIGN_STYLE = Automatic;
				INFOPLIST_FILE = MyCalc/Resources/Info.plist;
				LD_RUNPATH_SEARCH_PATHS = (
					"$(inherited)",
					"@executable_path/Frameworks",
				);
				PRODUCT_BUNDLE_IDENTIFIER = com.calc.MyCalc;
				PRODUCT_NAME = "$(TARGET_NAME)";
				SWIFT_VERSION = 5.0;
				TARGETED_DEVICE_FAMILY = "1,2";
			};
			name = Release;
		};
/* End XCBuildConfiguration section */

/* Begin XCConfigurationList section */
		BE50665B25D93740006A81E8 /* Build configuration list for PBXProject "MyCalc" */ = {
			isa = XCConfigurationList;
			buildConfigurations = (
				BE50667225D93742006A81E8 /* Debug */,
				BE50667325D93742006A81E8 /* Release */,
			);
			defaultConfigurationIsVisible = 0;
			defaultConfigurationName = Release;
		};
		BE50667425D93742006A81E8 /* Build configuration list for PBXNativeTarget "MyCalc" */ = {
			isa = XCConfigurationList;
			buildConfigurations = (
				BE50667525D93742006A81E8 /* Debug */,
				BE50667625D93742006A81E8 /* Release */,
			);
			defaultConfigurationIsVisible = 0;
			defaultConfigurationName = Release;
		};
/* End XCConfigurationList section */
	};
	rootObject = BE50665825D93740006A81E8 /* Project object */;
}
